
Microsoft Visual Studio Solution File, Format Version 12.00
# Visual Studio 2013
VisualStudioVersion = 12.0.31101.0
MinimumVisualStudioVersion = 10.0.40219.1
Project("{FAE04EC0-301F-11D3-BF4B-00C04F79EFBC}") = "Applike thing", "Applike thing\Applike thing.csproj", "{A082D022-5E25-4C64-8767-3A173E74ECB4}"
EndProject
Global
	GlobalSection(SolutionConfigurationPlatforms) = preSolution
		Debug|Any CPU = Debug|Any CPU
		Release|Any CPU = Release|Any CPU
	EndGlobalSection
	GlobalSection(ProjectConfigurationPlatforms) = postSolution
		{A082D022-5E25-4C64-8767-3A173E74ECB4}.Debug|Any CPU.ActiveCfg = Debug|Any CPU
		{A082D022-5E25-4C64-8767-3A173E74ECB4}.Debug|Any CPU.Build.0 = Debug|Any CPU
		{A082D022-5E25-4C64-8767-3A173E74ECB4}.Release|Any CPU.ActiveCfg = Release|Any CPU
		{A082D022-5E25-4C64-8767-3A173E74ECB4}.Release|Any CPU.Build.0 = Release|Any CPU
	EndGlobalSection
	GlobalSection(SolutionProperties) = preSolution
		HideSolutionNode = FALSE
	EndGlobalSection
EndGlobal
