
Microsoft Visual Studio Solution File, Format Version 12.00
# Visual Studio 2013
VisualStudioVersion = 12.0.30501.0
MinimumVisualStudioVersion = 10.0.40219.1
Project("{FAE04EC0-301F-11D3-BF4B-00C04F79EFBC}") = "Kursusgang 01", "Kursusgang 01\Kursusgang 01.csproj", "{7B4DD60A-3568-452A-B378-1DB6286A1D4D}"
EndProject
Global
	GlobalSection(SolutionConfigurationPlatforms) = preSolution
		Debug|Any CPU = Debug|Any CPU
		Release|Any CPU = Release|Any CPU
	EndGlobalSection
	GlobalSection(ProjectConfigurationPlatforms) = postSolution
		{7B4DD60A-3568-452A-B378-1DB6286A1D4D}.Debug|Any CPU.ActiveCfg = Debug|Any CPU
		{7B4DD60A-3568-452A-B378-1DB6286A1D4D}.Debug|Any CPU.Build.0 = Debug|Any CPU
		{7B4DD60A-3568-452A-B378-1DB6286A1D4D}.Release|Any CPU.ActiveCfg = Release|Any CPU
		{7B4DD60A-3568-452A-B378-1DB6286A1D4D}.Release|Any CPU.Build.0 = Release|Any CPU
	EndGlobalSection
	GlobalSection(SolutionProperties) = preSolution
		HideSolutionNode = FALSE
	EndGlobalSection
	GlobalSection(ExtensibilityGlobals) = postSolution
		VisualSVNWorkingCopyRoot = .
	EndGlobalSection
EndGlobal
