
Microsoft Visual Studio Solution File, Format Version 12.00
# Visual Studio 2013
VisualStudioVersion = 12.0.31101.0
MinimumVisualStudioVersion = 10.0.40219.1
Project("{FAE04EC0-301F-11D3-BF4B-00C04F79EFBC}") = "OOPEksamen2015", "OOPEksamen2015\OOPEksamen2015.csproj", "{05DC0F6C-9E73-4256-95F4-45D13F075273}"
EndProject
Global
	GlobalSection(SolutionConfigurationPlatforms) = preSolution
		Debug|Any CPU = Debug|Any CPU
		Release|Any CPU = Release|Any CPU
	EndGlobalSection
	GlobalSection(ProjectConfigurationPlatforms) = postSolution
		{05DC0F6C-9E73-4256-95F4-45D13F075273}.Debug|Any CPU.ActiveCfg = Debug|Any CPU
		{05DC0F6C-9E73-4256-95F4-45D13F075273}.Debug|Any CPU.Build.0 = Debug|Any CPU
		{05DC0F6C-9E73-4256-95F4-45D13F075273}.Release|Any CPU.ActiveCfg = Release|Any CPU
		{05DC0F6C-9E73-4256-95F4-45D13F075273}.Release|Any CPU.Build.0 = Release|Any CPU
	EndGlobalSection
	GlobalSection(SolutionProperties) = preSolution
		HideSolutionNode = FALSE
	EndGlobalSection
EndGlobal
